
Microsoft Visual Studio Solution File, Format Version 12.00
# Visual Studio Version 17
VisualStudioVersion = 17.7.34031.279
MinimumVisualStudioVersion = 10.0.40219.1
Project("{FAE04EC0-301F-11D3-BF4B-00C04F79EFBC}") = "01_MainSubjects", "01_MainSubjects\01_MainSubjects.csproj", "{00D2D738-B46A-4805-A107-5386F976B7D1}"
EndProject
Project("{FAE04EC0-301F-11D3-BF4B-00C04F79EFBC}") = "02_Variables", "02_Variables\02_Variables.csproj", "{6BB44EE3-38D2-4293-92E2-0BB667E1D18E}"
EndProject
Project("{FAE04EC0-301F-11D3-BF4B-00C04F79EFBC}") = "03_MakingDecision", "03_MakingDecision\03_MakingDecision.csproj", "{79294682-9E4C-4700-805D-C081A6FE38CD}"
EndProject
Project("{FAE04EC0-301F-11D3-BF4B-00C04F79EFBC}") = "04_Loops", "04_Loops\04_Loops.csproj", "{E37B1240-3AEC-4A50-836C-27A6955950AE}"
EndProject
Project("{FAE04EC0-301F-11D3-BF4B-00C04F79EFBC}") = "05_LoopsWithStars", "05_LoopsWithStars\05_LoopsWithStars.csproj", "{0C19E499-EE96-4837-A821-A8839666DDA2}"
EndProject
Project("{FAE04EC0-301F-11D3-BF4B-00C04F79EFBC}") = "06_Arrays", "06_Arrays\06_Arrays.csproj", "{57832C7A-E2D1-40E8-A0D8-1201C7922C78}"
EndProject
Project("{FAE04EC0-301F-11D3-BF4B-00C04F79EFBC}") = "07_ForeachLoop", "07_ForeachLoop\07_ForeachLoop.csproj", "{3F478BCF-ABB9-4CCB-8B34-7BE51F44AFE9}"
EndProject
Project("{FAE04EC0-301F-11D3-BF4B-00C04F79EFBC}") = "08_Methods", "08_Methods\08_Methods.csproj", "{4B703830-5266-4866-89F1-38E91785192D}"
EndProject
Project("{FAE04EC0-301F-11D3-BF4B-00C04F79EFBC}") = "09_DatabaseProject", "09_DatabaseProject\09_DatabaseProject.csproj", "{25D9727A-883B-405E-A13E-1A4F16FD7F8B}"
EndProject
Project("{FAE04EC0-301F-11D3-BF4B-00C04F79EFBC}") = "10_DatabaseCrud", "10_DatabaseCrud\10_DatabaseCrud.csproj", "{6A321FC3-7665-46D6-ABAD-70BEE58FA11E}"
EndProject
Global
	GlobalSection(SolutionConfigurationPlatforms) = preSolution
		Debug|Any CPU = Debug|Any CPU
		Release|Any CPU = Release|Any CPU
	EndGlobalSection
	GlobalSection(ProjectConfigurationPlatforms) = postSolution
		{00D2D738-B46A-4805-A107-5386F976B7D1}.Debug|Any CPU.ActiveCfg = Debug|Any CPU
		{00D2D738-B46A-4805-A107-5386F976B7D1}.Debug|Any CPU.Build.0 = Debug|Any CPU
		{00D2D738-B46A-4805-A107-5386F976B7D1}.Release|Any CPU.ActiveCfg = Release|Any CPU
		{00D2D738-B46A-4805-A107-5386F976B7D1}.Release|Any CPU.Build.0 = Release|Any CPU
		{6BB44EE3-38D2-4293-92E2-0BB667E1D18E}.Debug|Any CPU.ActiveCfg = Debug|Any CPU
		{6BB44EE3-38D2-4293-92E2-0BB667E1D18E}.Debug|Any CPU.Build.0 = Debug|Any CPU
		{6BB44EE3-38D2-4293-92E2-0BB667E1D18E}.Release|Any CPU.ActiveCfg = Release|Any CPU
		{6BB44EE3-38D2-4293-92E2-0BB667E1D18E}.Release|Any CPU.Build.0 = Release|Any CPU
		{79294682-9E4C-4700-805D-C081A6FE38CD}.Debug|Any CPU.ActiveCfg = Debug|Any CPU
		{79294682-9E4C-4700-805D-C081A6FE38CD}.Debug|Any CPU.Build.0 = Debug|Any CPU
		{79294682-9E4C-4700-805D-C081A6FE38CD}.Release|Any CPU.ActiveCfg = Release|Any CPU
		{79294682-9E4C-4700-805D-C081A6FE38CD}.Release|Any CPU.Build.0 = Release|Any CPU
		{E37B1240-3AEC-4A50-836C-27A6955950AE}.Debug|Any CPU.ActiveCfg = Debug|Any CPU
		{E37B1240-3AEC-4A50-836C-27A6955950AE}.Debug|Any CPU.Build.0 = Debug|Any CPU
		{E37B1240-3AEC-4A50-836C-27A6955950AE}.Release|Any CPU.ActiveCfg = Release|Any CPU
		{E37B1240-3AEC-4A50-836C-27A6955950AE}.Release|Any CPU.Build.0 = Release|Any CPU
		{0C19E499-EE96-4837-A821-A8839666DDA2}.Debug|Any CPU.ActiveCfg = Debug|Any CPU
		{0C19E499-EE96-4837-A821-A8839666DDA2}.Debug|Any CPU.Build.0 = Debug|Any CPU
		{0C19E499-EE96-4837-A821-A8839666DDA2}.Release|Any CPU.ActiveCfg = Release|Any CPU
		{0C19E499-EE96-4837-A821-A8839666DDA2}.Release|Any CPU.Build.0 = Release|Any CPU
		{57832C7A-E2D1-40E8-A0D8-1201C7922C78}.Debug|Any CPU.ActiveCfg = Debug|Any CPU
		{57832C7A-E2D1-40E8-A0D8-1201C7922C78}.Debug|Any CPU.Build.0 = Debug|Any CPU
		{57832C7A-E2D1-40E8-A0D8-1201C7922C78}.Release|Any CPU.ActiveCfg = Release|Any CPU
		{57832C7A-E2D1-40E8-A0D8-1201C7922C78}.Release|Any CPU.Build.0 = Release|Any CPU
		{3F478BCF-ABB9-4CCB-8B34-7BE51F44AFE9}.Debug|Any CPU.ActiveCfg = Debug|Any CPU
		{3F478BCF-ABB9-4CCB-8B34-7BE51F44AFE9}.Debug|Any CPU.Build.0 = Debug|Any CPU
		{3F478BCF-ABB9-4CCB-8B34-7BE51F44AFE9}.Release|Any CPU.ActiveCfg = Release|Any CPU
		{3F478BCF-ABB9-4CCB-8B34-7BE51F44AFE9}.Release|Any CPU.Build.0 = Release|Any CPU
		{4B703830-5266-4866-89F1-38E91785192D}.Debug|Any CPU.ActiveCfg = Debug|Any CPU
		{4B703830-5266-4866-89F1-38E91785192D}.Debug|Any CPU.Build.0 = Debug|Any CPU
		{4B703830-5266-4866-89F1-38E91785192D}.Release|Any CPU.ActiveCfg = Release|Any CPU
		{4B703830-5266-4866-89F1-38E91785192D}.Release|Any CPU.Build.0 = Release|Any CPU
		{25D9727A-883B-405E-A13E-1A4F16FD7F8B}.Debug|Any CPU.ActiveCfg = Debug|Any CPU
		{25D9727A-883B-405E-A13E-1A4F16FD7F8B}.Debug|Any CPU.Build.0 = Debug|Any CPU
		{25D9727A-883B-405E-A13E-1A4F16FD7F8B}.Release|Any CPU.ActiveCfg = Release|Any CPU
		{25D9727A-883B-405E-A13E-1A4F16FD7F8B}.Release|Any CPU.Build.0 = Release|Any CPU
		{6A321FC3-7665-46D6-ABAD-70BEE58FA11E}.Debug|Any CPU.ActiveCfg = Debug|Any CPU
		{6A321FC3-7665-46D6-ABAD-70BEE58FA11E}.Debug|Any CPU.Build.0 = Debug|Any CPU
		{6A321FC3-7665-46D6-ABAD-70BEE58FA11E}.Release|Any CPU.ActiveCfg = Release|Any CPU
		{6A321FC3-7665-46D6-ABAD-70BEE58FA11E}.Release|Any CPU.Build.0 = Release|Any CPU
	EndGlobalSection
	GlobalSection(SolutionProperties) = preSolution
		HideSolutionNode = FALSE
	EndGlobalSection
	GlobalSection(ExtensibilityGlobals) = postSolution
		SolutionGuid = {6BFEAB34-A4FB-4A63-AA41-25EBF1B1BD25}
	EndGlobalSection
EndGlobal
